
Microsoft Visual Studio Solution File, Format Version 12.00
# Visual Studio 15
VisualStudioVersion = 15.0.27428.2011
MinimumVisualStudioVersion = 10.0.40219.1
Project("{9A19103F-16F7-4668-BE54-9A1E7A4F7556}") = "Dime.Linq", "core\Dime.Linq.csproj", "{727E52BB-3754-425B-8EB2-CC9B92F7003C}"
EndProject
Project("{2150E333-8FDC-42A3-9474-1A3956D46DE8}") = "Tests", "Tests", "{0DBF813A-1512-4F8C-95A9-3CA294168544}"
EndProject
Project("{9A19103F-16F7-4668-BE54-9A1E7A4F7556}") = "Dime.Linq.Tests", "test\Dime.Linq.Tests.csproj", "{6F2296A2-54EB-48B5-9332-957EC0D8117E}"
EndProject
Global
	GlobalSection(SolutionConfigurationPlatforms) = preSolution
		Debug|Any CPU = Debug|Any CPU
		Release|Any CPU = Release|Any CPU
	EndGlobalSection
	GlobalSection(ProjectConfigurationPlatforms) = postSolution
		{727E52BB-3754-425B-8EB2-CC9B92F7003C}.Debug|Any CPU.ActiveCfg = Debug|Any CPU
		{727E52BB-3754-425B-8EB2-CC9B92F7003C}.Debug|Any CPU.Build.0 = Debug|Any CPU
		{727E52BB-3754-425B-8EB2-CC9B92F7003C}.Release|Any CPU.ActiveCfg = Release|Any CPU
		{727E52BB-3754-425B-8EB2-CC9B92F7003C}.Release|Any CPU.Build.0 = Release|Any CPU
		{6F2296A2-54EB-48B5-9332-957EC0D8117E}.Debug|Any CPU.ActiveCfg = Debug|Any CPU
		{6F2296A2-54EB-48B5-9332-957EC0D8117E}.Debug|Any CPU.Build.0 = Debug|Any CPU
		{6F2296A2-54EB-48B5-9332-957EC0D8117E}.Release|Any CPU.ActiveCfg = Release|Any CPU
		{6F2296A2-54EB-48B5-9332-957EC0D8117E}.Release|Any CPU.Build.0 = Release|Any CPU
	EndGlobalSection
	GlobalSection(SolutionProperties) = preSolution
		HideSolutionNode = FALSE
	EndGlobalSection
	GlobalSection(NestedProjects) = preSolution
		{6F2296A2-54EB-48B5-9332-957EC0D8117E} = {0DBF813A-1512-4F8C-95A9-3CA294168544}
	EndGlobalSection
	GlobalSection(ExtensibilityGlobals) = postSolution
		SolutionGuid = {DAC5AD5F-A5B2-49EF-8E58-DB22B4C67FDF}
	EndGlobalSection
EndGlobal
